// !$*UTF8*$!
{
	archiveVersion = 1;
	classes = {
	};
	objectVersion = 56;
	objects = {

/* Begin PBXBuildFile section */
		8EF399362C1F36310027EEBC /* CartaoDeVisitasIOS3App.swift in Sources */ = {isa = PBXBuildFile; fileRef = 8EF399352C1F36310027EEBC /* CartaoDeVisitasIOS3App.swift */; };
		8EF399382C1F36310027EEBC /* MainView.swift in Sources */ = {isa = PBXBuildFile; fileRef = 8EF399372C1F36310027EEBC /* MainView.swift */; };
		8EF3993A2C1F36340027EEBC /* Assets.xcassets in Resources */ = {isa = PBXBuildFile; fileRef = 8EF399392C1F36340027EEBC /* Assets.xcassets */; };
		8EF3993D2C1F36340027EEBC /* Preview Assets.xcassets in Resources */ = {isa = PBXBuildFile; fileRef = 8EF3993C2C1F36340027EEBC /* Preview Assets.xcassets */; };
		8EF399452C1F375D0027EEBC /* FirebaseAuth in Frameworks */ = {isa = PBXBuildFile; productRef = 8EF399442C1F375D0027EEBC /* FirebaseAuth */; };
		8EF399472C1F375D0027EEBC /* FirebaseFirestore in Frameworks */ = {isa = PBXBuildFile; productRef = 8EF399462C1F375D0027EEBC /* FirebaseFirestore */; };
		8EF399492C1F375D0027EEBC /* FirebaseFirestoreSwift in Frameworks */ = {isa = PBXBuildFile; productRef = 8EF399482C1F375D0027EEBC /* FirebaseFirestoreSwift */; };
		8EF3994B2C1F3AD90027EEBC /* GoogleService-Info.plist in Resources */ = {isa = PBXBuildFile; fileRef = 8EF3994A2C1F3AD80027EEBC /* GoogleService-Info.plist */; };
		8EF399572C1F43680027EEBC /* ProfileView.swift in Sources */ = {isa = PBXBuildFile; fileRef = 8EF399562C1F43680027EEBC /* ProfileView.swift */; };
		8EF399592C1F43A20027EEBC /* CartaoView.swift in Sources */ = {isa = PBXBuildFile; fileRef = 8EF399582C1F43A20027EEBC /* CartaoView.swift */; };
		8EF3995B2C1F43C80027EEBC /* NewItemView.swift in Sources */ = {isa = PBXBuildFile; fileRef = 8EF3995A2C1F43C80027EEBC /* NewItemView.swift */; };
		8EF3995D2C1F43E10027EEBC /* LoginView.swift in Sources */ = {isa = PBXBuildFile; fileRef = 8EF3995C2C1F43E10027EEBC /* LoginView.swift */; };
		8EF3995F2C1F43F70027EEBC /* RegisterView.swift in Sources */ = {isa = PBXBuildFile; fileRef = 8EF3995E2C1F43F70027EEBC /* RegisterView.swift */; };
		8EF399612C1F442E0027EEBC /* CartaoItemView.swift in Sources */ = {isa = PBXBuildFile; fileRef = 8EF399602C1F442E0027EEBC /* CartaoItemView.swift */; };
		8EF399632C1F44910027EEBC /* User.swift in Sources */ = {isa = PBXBuildFile; fileRef = 8EF399622C1F44910027EEBC /* User.swift */; };
		8EF399652C1F44A70027EEBC /* CartaoItem.swift in Sources */ = {isa = PBXBuildFile; fileRef = 8EF399642C1F44A70027EEBC /* CartaoItem.swift */; };
		8EF399672C1F44E50027EEBC /* MainViewViewModel.swift in Sources */ = {isa = PBXBuildFile; fileRef = 8EF399662C1F44E50027EEBC /* MainViewViewModel.swift */; };
		8EF399692C1F45010027EEBC /* ProfileViewViewModel.swift in Sources */ = {isa = PBXBuildFile; fileRef = 8EF399682C1F45010027EEBC /* ProfileViewViewModel.swift */; };
		8EF3996B2C1F45440027EEBC /* CartaoViewViewModel.swift in Sources */ = {isa = PBXBuildFile; fileRef = 8EF3996A2C1F45440027EEBC /* CartaoViewViewModel.swift */; };
		8EF3996D2C1F45510027EEBC /* NewItemViewViewModel.swift in Sources */ = {isa = PBXBuildFile; fileRef = 8EF3996C2C1F45510027EEBC /* NewItemViewViewModel.swift */; };
		8EF3996F2C1F455C0027EEBC /* LoginViewViewModel.swift in Sources */ = {isa = PBXBuildFile; fileRef = 8EF3996E2C1F455C0027EEBC /* LoginViewViewModel.swift */; };
		8EF399712C1F456F0027EEBC /* RegisterViewViewModel.swift in Sources */ = {isa = PBXBuildFile; fileRef = 8EF399702C1F456F0027EEBC /* RegisterViewViewModel.swift */; };
		8EF399732C1F457C0027EEBC /* CartaoItemViewViewModel.swift in Sources */ = {isa = PBXBuildFile; fileRef = 8EF399722C1F457C0027EEBC /* CartaoItemViewViewModel.swift */; };
		8EF399752C1F49370027EEBC /* HeaderView.swift in Sources */ = {isa = PBXBuildFile; fileRef = 8EF399742C1F49370027EEBC /* HeaderView.swift */; };
		8EF399772C1F70600027EEBC /* CartaoButton.swift in Sources */ = {isa = PBXBuildFile; fileRef = 8EF399762C1F70600027EEBC /* CartaoButton.swift */; };
		8EF399792C1FBE520027EEBC /* Extensions.swift in Sources */ = {isa = PBXBuildFile; fileRef = 8EF399782C1FBE520027EEBC /* Extensions.swift */; };
		8EF3997B2C20AA4A0027EEBC /* Launch Screen.storyboard in Resources */ = {isa = PBXBuildFile; fileRef = 8EF3997A2C20AA4A0027EEBC /* Launch Screen.storyboard */; };
		8EF5B8842C20CE56008CDB8E /* ContentView.swift in Sources */ = {isa = PBXBuildFile; fileRef = 8EF5B8832C20CE56008CDB8E /* ContentView.swift */; };
/* End PBXBuildFile section */

/* Begin PBXFileReference section */
		8EF399322C1F36300027EEBC /* CartaoDeVisitasIOS3.app */ = {isa = PBXFileReference; explicitFileType = wrapper.application; includeInIndex = 0; path = CartaoDeVisitasIOS3.app; sourceTree = BUILT_PRODUCTS_DIR; };
		8EF399352C1F36310027EEBC /* CartaoDeVisitasIOS3App.swift */ = {isa = PBXFileReference; lastKnownFileType = sourcecode.swift; path = CartaoDeVisitasIOS3App.swift; sourceTree = "<group>"; };
		8EF399372C1F36310027EEBC /* MainView.swift */ = {isa = PBXFileReference; lastKnownFileType = sourcecode.swift; path = MainView.swift; sourceTree = "<group>"; };
		8EF399392C1F36340027EEBC /* Assets.xcassets */ = {isa = PBXFileReference; lastKnownFileType = folder.assetcatalog; path = Assets.xcassets; sourceTree = "<group>"; };
		8EF3993C2C1F36340027EEBC /* Preview Assets.xcassets */ = {isa = PBXFileReference; lastKnownFileType = folder.assetcatalog; path = "Preview Assets.xcassets"; sourceTree = "<group>"; };
		8EF3994A2C1F3AD80027EEBC /* GoogleService-Info.plist */ = {isa = PBXFileReference; fileEncoding = 4; lastKnownFileType = text.plist.xml; path = "GoogleService-Info.plist"; sourceTree = "<group>"; };
		8EF399562C1F43680027EEBC /* ProfileView.swift */ = {isa = PBXFileReference; lastKnownFileType = sourcecode.swift; path = ProfileView.swift; sourceTree = "<group>"; };
		8EF399582C1F43A20027EEBC /* CartaoView.swift */ = {isa = PBXFileReference; lastKnownFileType = sourcecode.swift; path = CartaoView.swift; sourceTree = "<group>"; };
		8EF3995A2C1F43C80027EEBC /* NewItemView.swift */ = {isa = PBXFileReference; lastKnownFileType = sourcecode.swift; path = NewItemView.swift; sourceTree = "<group>"; };
		8EF3995C2C1F43E10027EEBC /* LoginView.swift */ = {isa = PBXFileReference; lastKnownFileType = sourcecode.swift; path = LoginView.swift; sourceTree = "<group>"; };
		8EF3995E2C1F43F70027EEBC /* RegisterView.swift */ = {isa = PBXFileReference; lastKnownFileType = sourcecode.swift; path = RegisterView.swift; sourceTree = "<group>"; };
		8EF399602C1F442E0027EEBC /* CartaoItemView.swift */ = {isa = PBXFileReference; lastKnownFileType = sourcecode.swift; path = CartaoItemView.swift; sourceTree = "<group>"; };
		8EF399622C1F44910027EEBC /* User.swift */ = {isa = PBXFileReference; lastKnownFileType = sourcecode.swift; path = User.swift; sourceTree = "<group>"; };
		8EF399642C1F44A70027EEBC /* CartaoItem.swift */ = {isa = PBXFileReference; lastKnownFileType = sourcecode.swift; path = CartaoItem.swift; sourceTree = "<group>"; };
		8EF399662C1F44E50027EEBC /* MainViewViewModel.swift */ = {isa = PBXFileReference; lastKnownFileType = sourcecode.swift; path = MainViewViewModel.swift; sourceTree = "<group>"; };
		8EF399682C1F45010027EEBC /* ProfileViewViewModel.swift */ = {isa = PBXFileReference; lastKnownFileType = sourcecode.swift; path = ProfileViewViewModel.swift; sourceTree = "<group>"; };
		8EF3996A2C1F45440027EEBC /* CartaoViewViewModel.swift */ = {isa = PBXFileReference; lastKnownFileType = sourcecode.swift; path = CartaoViewViewModel.swift; sourceTree = "<group>"; };
		8EF3996C2C1F45510027EEBC /* NewItemViewViewModel.swift */ = {isa = PBXFileReference; lastKnownFileType = sourcecode.swift; path = NewItemViewViewModel.swift; sourceTree = "<group>"; };
		8EF3996E2C1F455C0027EEBC /* LoginViewViewModel.swift */ = {isa = PBXFileReference; lastKnownFileType = sourcecode.swift; path = LoginViewViewModel.swift; sourceTree = "<group>"; };
		8EF399702C1F456F0027EEBC /* RegisterViewViewModel.swift */ = {isa = PBXFileReference; lastKnownFileType = sourcecode.swift; path = RegisterViewViewModel.swift; sourceTree = "<group>"; };
		8EF399722C1F457C0027EEBC /* CartaoItemViewViewModel.swift */ = {isa = PBXFileReference; lastKnownFileType = sourcecode.swift; path = CartaoItemViewViewModel.swift; sourceTree = "<group>"; };
		8EF399742C1F49370027EEBC /* HeaderView.swift */ = {isa = PBXFileReference; lastKnownFileType = sourcecode.swift; path = HeaderView.swift; sourceTree = "<group>"; };
		8EF399762C1F70600027EEBC /* CartaoButton.swift */ = {isa = PBXFileReference; lastKnownFileType = sourcecode.swift; path = CartaoButton.swift; sourceTree = "<group>"; };
		8EF399782C1FBE520027EEBC /* Extensions.swift */ = {isa = PBXFileReference; lastKnownFileType = sourcecode.swift; path = Extensions.swift; sourceTree = "<group>"; };
		8EF3997A2C20AA4A0027EEBC /* Launch Screen.storyboard */ = {isa = PBXFileReference; lastKnownFileType = file.storyboard; path = "Launch Screen.storyboard"; sourceTree = "<group>"; };
		8EF5B8832C20CE56008CDB8E /* ContentView.swift */ = {isa = PBXFileReference; lastKnownFileType = sourcecode.swift; path = ContentView.swift; sourceTree = "<group>"; };
/* End PBXFileReference section */

/* Begin PBXFrameworksBuildPhase section */
		8EF3992F2C1F36300027EEBC /* Frameworks */ = {
			isa = PBXFrameworksBuildPhase;
			buildActionMask = 2147483647;
			files = (
				8EF399452C1F375D0027EEBC /* FirebaseAuth in Frameworks */,
				8EF399472C1F375D0027EEBC /* FirebaseFirestore in Frameworks */,
				8EF399492C1F375D0027EEBC /* FirebaseFirestoreSwift in Frameworks */,
			);
			runOnlyForDeploymentPostprocessing = 0;
		};
/* End PBXFrameworksBuildPhase section */

/* Begin PBXGroup section */
		8EF399292C1F36300027EEBC = {
			isa = PBXGroup;
			children = (
				8EF399342C1F36300027EEBC /* CartaoDeVisitasIOS3 */,
				8EF399332C1F36300027EEBC /* Products */,
			);
			sourceTree = "<group>";
		};
		8EF399332C1F36300027EEBC /* Products */ = {
			isa = PBXGroup;
			children = (
				8EF399322C1F36300027EEBC /* CartaoDeVisitasIOS3.app */,
			);
			name = Products;
			sourceTree = "<group>";
		};
		8EF399342C1F36300027EEBC /* CartaoDeVisitasIOS3 */ = {
			isa = PBXGroup;
			children = (
				8EF399542C1F3E740027EEBC /* Other */,
				8EF399552C1F3E7F0027EEBC /* Models */,
				8EF399532C1F3E690027EEBC /* ViewModels */,
				8EF5B8822C20CE13008CDB8E /* OnboardingScreen */,
				8EF399522C1F3E610027EEBC /* Views */,
				8EF3993B2C1F36340027EEBC /* Preview Content */,
			);
			path = CartaoDeVisitasIOS3;
			sourceTree = "<group>";
		};
		8EF3993B2C1F36340027EEBC /* Preview Content */ = {
			isa = PBXGroup;
			children = (
				8EF3993C2C1F36340027EEBC /* Preview Assets.xcassets */,
			);
			path = "Preview Content";
			sourceTree = "<group>";
		};
		8EF399522C1F3E610027EEBC /* Views */ = {
			isa = PBXGroup;
			children = (
				8EF399372C1F36310027EEBC /* MainView.swift */,
				8EF399562C1F43680027EEBC /* ProfileView.swift */,
				8EF399582C1F43A20027EEBC /* CartaoView.swift */,
				8EF3995A2C1F43C80027EEBC /* NewItemView.swift */,
				8EF3995C2C1F43E10027EEBC /* LoginView.swift */,
				8EF3995E2C1F43F70027EEBC /* RegisterView.swift */,
				8EF399602C1F442E0027EEBC /* CartaoItemView.swift */,
				8EF399742C1F49370027EEBC /* HeaderView.swift */,
				8EF399762C1F70600027EEBC /* CartaoButton.swift */,
			);
			path = Views;
			sourceTree = "<group>";
		};
		8EF399532C1F3E690027EEBC /* ViewModels */ = {
			isa = PBXGroup;
			children = (
				8EF399662C1F44E50027EEBC /* MainViewViewModel.swift */,
				8EF399682C1F45010027EEBC /* ProfileViewViewModel.swift */,
				8EF3996A2C1F45440027EEBC /* CartaoViewViewModel.swift */,
				8EF3996C2C1F45510027EEBC /* NewItemViewViewModel.swift */,
				8EF3996E2C1F455C0027EEBC /* LoginViewViewModel.swift */,
				8EF399702C1F456F0027EEBC /* RegisterViewViewModel.swift */,
				8EF399722C1F457C0027EEBC /* CartaoItemViewViewModel.swift */,
			);
			path = ViewModels;
			sourceTree = "<group>";
		};
		8EF399542C1F3E740027EEBC /* Other */ = {
			isa = PBXGroup;
			children = (
				8EF399392C1F36340027EEBC /* Assets.xcassets */,
				8EF3994A2C1F3AD80027EEBC /* GoogleService-Info.plist */,
				8EF399352C1F36310027EEBC /* CartaoDeVisitasIOS3App.swift */,
				8EF399782C1FBE520027EEBC /* Extensions.swift */,
				8EF3997A2C20AA4A0027EEBC /* Launch Screen.storyboard */,
			);
			path = Other;
			sourceTree = "<group>";
		};
		8EF399552C1F3E7F0027EEBC /* Models */ = {
			isa = PBXGroup;
			children = (
				8EF399622C1F44910027EEBC /* User.swift */,
				8EF399642C1F44A70027EEBC /* CartaoItem.swift */,
			);
			path = Models;
			sourceTree = "<group>";
		};
		8EF5B8822C20CE13008CDB8E /* OnboardingScreen */ = {
			isa = PBXGroup;
			children = (
				8EF5B8832C20CE56008CDB8E /* ContentView.swift */,
			);
			path = OnboardingScreen;
			sourceTree = "<group>";
		};
/* End PBXGroup section */

/* Begin PBXNativeTarget section */
		8EF399312C1F36300027EEBC /* CartaoDeVisitasIOS3 */ = {
			isa = PBXNativeTarget;
			buildConfigurationList = 8EF399402C1F36340027EEBC /* Build configuration list for PBXNativeTarget "CartaoDeVisitasIOS3" */;
			buildPhases = (
				8EF3992E2C1F36300027EEBC /* Sources */,
				8EF3992F2C1F36300027EEBC /* Frameworks */,
				8EF399302C1F36300027EEBC /* Resources */,
			);
			buildRules = (
			);
			dependencies = (
			);
			name = CartaoDeVisitasIOS3;
			packageProductDependencies = (
				8EF399442C1F375D0027EEBC /* FirebaseAuth */,
				8EF399462C1F375D0027EEBC /* FirebaseFirestore */,
				8EF399482C1F375D0027EEBC /* FirebaseFirestoreSwift */,
			);
			productName = CartaoDeVisitasIOS3;
			productReference = 8EF399322C1F36300027EEBC /* CartaoDeVisitasIOS3.app */;
			productType = "com.apple.product-type.application";
		};
/* End PBXNativeTarget section */

/* Begin PBXProject section */
		8EF3992A2C1F36300027EEBC /* Project object */ = {
			isa = PBXProject;
			attributes = {
				BuildIndependentTargetsInParallel = 1;
				LastSwiftUpdateCheck = 1530;
				LastUpgradeCheck = 1530;
				TargetAttributes = {
					8EF399312C1F36300027EEBC = {
						CreatedOnToolsVersion = 15.3;
					};
				};
			};
			buildConfigurationList = 8EF3992D2C1F36300027EEBC /* Build configuration list for PBXProject "CartaoDeVisitasIOS3" */;
			compatibilityVersion = "Xcode 14.0";
			developmentRegion = en;
			hasScannedForEncodings = 0;
			knownRegions = (
				en,
				Base,
			);
			mainGroup = 8EF399292C1F36300027EEBC;
			packageReferences = (
				8EF399432C1F375D0027EEBC /* XCRemoteSwiftPackageReference "firebase-ios-sdk" */,
			);
			productRefGroup = 8EF399332C1F36300027EEBC /* Products */;
			projectDirPath = "";
			projectRoot = "";
			targets = (
				8EF399312C1F36300027EEBC /* CartaoDeVisitasIOS3 */,
			);
		};
/* End PBXProject section */

/* Begin PBXResourcesBuildPhase section */
		8EF399302C1F36300027EEBC /* Resources */ = {
			isa = PBXResourcesBuildPhase;
			buildActionMask = 2147483647;
			files = (
				8EF3993D2C1F36340027EEBC /* Preview Assets.xcassets in Resources */,
				8EF3994B2C1F3AD90027EEBC /* GoogleService-Info.plist in Resources */,
				8EF3997B2C20AA4A0027EEBC /* Launch Screen.storyboard in Resources */,
				8EF3993A2C1F36340027EEBC /* Assets.xcassets in Resources */,
			);
			runOnlyForDeploymentPostprocessing = 0;
		};
/* End PBXResourcesBuildPhase section */

/* Begin PBXSourcesBuildPhase section */
		8EF3992E2C1F36300027EEBC /* Sources */ = {
			isa = PBXSourcesBuildPhase;
			buildActionMask = 2147483647;
			files = (
				8EF3995D2C1F43E10027EEBC /* LoginView.swift in Sources */,
				8EF399752C1F49370027EEBC /* HeaderView.swift in Sources */,
				8EF399382C1F36310027EEBC /* MainView.swift in Sources */,
				8EF399712C1F456F0027EEBC /* RegisterViewViewModel.swift in Sources */,
				8EF5B8842C20CE56008CDB8E /* ContentView.swift in Sources */,
				8EF399672C1F44E50027EEBC /* MainViewViewModel.swift in Sources */,
				8EF399572C1F43680027EEBC /* ProfileView.swift in Sources */,
				8EF399612C1F442E0027EEBC /* CartaoItemView.swift in Sources */,
				8EF399692C1F45010027EEBC /* ProfileViewViewModel.swift in Sources */,
				8EF3995F2C1F43F70027EEBC /* RegisterView.swift in Sources */,
				8EF399772C1F70600027EEBC /* CartaoButton.swift in Sources */,
				8EF3996B2C1F45440027EEBC /* CartaoViewViewModel.swift in Sources */,
				8EF399632C1F44910027EEBC /* User.swift in Sources */,
				8EF399652C1F44A70027EEBC /* CartaoItem.swift in Sources */,
				8EF3996F2C1F455C0027EEBC /* LoginViewViewModel.swift in Sources */,
				8EF399732C1F457C0027EEBC /* CartaoItemViewViewModel.swift in Sources */,
				8EF399792C1FBE520027EEBC /* Extensions.swift in Sources */,
				8EF399362C1F36310027EEBC /* CartaoDeVisitasIOS3App.swift in Sources */,
				8EF399592C1F43A20027EEBC /* CartaoView.swift in Sources */,
				8EF3995B2C1F43C80027EEBC /* NewItemView.swift in Sources */,
				8EF3996D2C1F45510027EEBC /* NewItemViewViewModel.swift in Sources */,
			);
			runOnlyForDeploymentPostprocessing = 0;
		};
/* End PBXSourcesBuildPhase section */

/* Begin XCBuildConfiguration section */
		8EF3993E2C1F36340027EEBC /* Debug */ = {
			isa = XCBuildConfiguration;
			buildSettings = {
				ALWAYS_SEARCH_USER_PATHS = NO;
				ASSETCATALOG_COMPILER_GENERATE_SWIFT_ASSET_SYMBOL_EXTENSIONS = YES;
				CLANG_ANALYZER_NONNULL = YES;
				CLANG_ANALYZER_NUMBER_OBJECT_CONVERSION = YES_AGGRESSIVE;
				CLANG_CXX_LANGUAGE_STANDARD = "gnu++20";
				CLANG_ENABLE_MODULES = YES;
				CLANG_ENABLE_OBJC_ARC = YES;
				CLANG_ENABLE_OBJC_WEAK = YES;
				CLANG_WARN_BLOCK_CAPTURE_AUTORELEASING = YES;
				CLANG_WARN_BOOL_CONVERSION = YES;
				CLANG_WARN_COMMA = YES;
				CLANG_WARN_CONSTANT_CONVERSION = YES;
				CLANG_WARN_DEPRECATED_OBJC_IMPLEMENTATIONS = YES;
				CLANG_WARN_DIRECT_OBJC_ISA_USAGE = YES_ERROR;
				CLANG_WARN_DOCUMENTATION_COMMENTS = YES;
				CLANG_WARN_EMPTY_BODY = YES;
				CLANG_WARN_ENUM_CONVERSION = YES;
				CLANG_WARN_INFINITE_RECURSION = YES;
				CLANG_WARN_INT_CONVERSION = YES;
				CLANG_WARN_NON_LITERAL_NULL_CONVERSION = YES;
				CLANG_WARN_OBJC_IMPLICIT_RETAIN_SELF = YES;
				CLANG_WARN_OBJC_LITERAL_CONVERSION = YES;
				CLANG_WARN_OBJC_ROOT_CLASS = YES_ERROR;
				CLANG_WARN_QUOTED_INCLUDE_IN_FRAMEWORK_HEADER = YES;
				CLANG_WARN_RANGE_LOOP_ANALYSIS = YES;
				CLANG_WARN_STRICT_PROTOTYPES = YES;
				CLANG_WARN_SUSPICIOUS_MOVE = YES;
				CLANG_WARN_UNGUARDED_AVAILABILITY = YES_AGGRESSIVE;
				CLANG_WARN_UNREACHABLE_CODE = YES;
				CLANG_WARN__DUPLICATE_METHOD_MATCH = YES;
				COPY_PHASE_STRIP = NO;
				DEBUG_INFORMATION_FORMAT = dwarf;
				ENABLE_STRICT_OBJC_MSGSEND = YES;
				ENABLE_TESTABILITY = YES;
				ENABLE_USER_SCRIPT_SANDBOXING = YES;
				GCC_C_LANGUAGE_STANDARD = gnu17;
				GCC_DYNAMIC_NO_PIC = NO;
				GCC_NO_COMMON_BLOCKS = YES;
				GCC_OPTIMIZATION_LEVEL = 0;
				GCC_PREPROCESSOR_DEFINITIONS = (
					"DEBUG=1",
					"$(inherited)",
				);
				GCC_WARN_64_TO_32_BIT_CONVERSION = YES;
				GCC_WARN_ABOUT_RETURN_TYPE = YES_ERROR;
				GCC_WARN_UNDECLARED_SELECTOR = YES;
				GCC_WARN_UNINITIALIZED_AUTOS = YES_AGGRESSIVE;
				GCC_WARN_UNUSED_FUNCTION = YES;
				GCC_WARN_UNUSED_VARIABLE = YES;
				IPHONEOS_DEPLOYMENT_TARGET = 17.4;
				LOCALIZATION_PREFERS_STRING_CATALOGS = YES;
				MTL_ENABLE_DEBUG_INFO = INCLUDE_SOURCE;
				MTL_FAST_MATH = YES;
				ONLY_ACTIVE_ARCH = YES;
				SDKROOT = iphoneos;
				SWIFT_ACTIVE_COMPILATION_CONDITIONS = "DEBUG $(inherited)";
				SWIFT_OPTIMIZATION_LEVEL = "-Onone";
			};
			name = Debug;
		};
		8EF3993F2C1F36340027EEBC /* Release */ = {
			isa = XCBuildConfiguration;
			buildSettings = {
				ALWAYS_SEARCH_USER_PATHS = NO;
				ASSETCATALOG_COMPILER_GENERATE_SWIFT_ASSET_SYMBOL_EXTENSIONS = YES;
				CLANG_ANALYZER_NONNULL = YES;
				CLANG_ANALYZER_NUMBER_OBJECT_CONVERSION = YES_AGGRESSIVE;
				CLANG_CXX_LANGUAGE_STANDARD = "gnu++20";
				CLANG_ENABLE_MODULES = YES;
				CLANG_ENABLE_OBJC_ARC = YES;
				CLANG_ENABLE_OBJC_WEAK = YES;
				CLANG_WARN_BLOCK_CAPTURE_AUTORELEASING = YES;
				CLANG_WARN_BOOL_CONVERSION = YES;
				CLANG_WARN_COMMA = YES;
				CLANG_WARN_CONSTANT_CONVERSION = YES;
				CLANG_WARN_DEPRECATED_OBJC_IMPLEMENTATIONS = YES;
				CLANG_WARN_DIRECT_OBJC_ISA_USAGE = YES_ERROR;
				CLANG_WARN_DOCUMENTATION_COMMENTS = YES;
				CLANG_WARN_EMPTY_BODY = YES;
				CLANG_WARN_ENUM_CONVERSION = YES;
				CLANG_WARN_INFINITE_RECURSION = YES;
				CLANG_WARN_INT_CONVERSION = YES;
				CLANG_WARN_NON_LITERAL_NULL_CONVERSION = YES;
				CLANG_WARN_OBJC_IMPLICIT_RETAIN_SELF = YES;
				CLANG_WARN_OBJC_LITERAL_CONVERSION = YES;
				CLANG_WARN_OBJC_ROOT_CLASS = YES_ERROR;
				CLANG_WARN_QUOTED_INCLUDE_IN_FRAMEWORK_HEADER = YES;
				CLANG_WARN_RANGE_LOOP_ANALYSIS = YES;
				CLANG_WARN_STRICT_PROTOTYPES = YES;
				CLANG_WARN_SUSPICIOUS_MOVE = YES;
				CLANG_WARN_UNGUARDED_AVAILABILITY = YES_AGGRESSIVE;
				CLANG_WARN_UNREACHABLE_CODE = YES;
				CLANG_WARN__DUPLICATE_METHOD_MATCH = YES;
				COPY_PHASE_STRIP = NO;
				DEBUG_INFORMATION_FORMAT = "dwarf-with-dsym";
				ENABLE_NS_ASSERTIONS = NO;
				ENABLE_STRICT_OBJC_MSGSEND = YES;
				ENABLE_USER_SCRIPT_SANDBOXING = YES;
				GCC_C_LANGUAGE_STANDARD = gnu17;
				GCC_NO_COMMON_BLOCKS = YES;
				GCC_WARN_64_TO_32_BIT_CONVERSION = YES;
				GCC_WARN_ABOUT_RETURN_TYPE = YES_ERROR;
				GCC_WARN_UNDECLARED_SELECTOR = YES;
				GCC_WARN_UNINITIALIZED_AUTOS = YES_AGGRESSIVE;
				GCC_WARN_UNUSED_FUNCTION = YES;
				GCC_WARN_UNUSED_VARIABLE = YES;
				IPHONEOS_DEPLOYMENT_TARGET = 17.4;
				LOCALIZATION_PREFERS_STRING_CATALOGS = YES;
				MTL_ENABLE_DEBUG_INFO = NO;
				MTL_FAST_MATH = YES;
				SDKROOT = iphoneos;
				SWIFT_COMPILATION_MODE = wholemodule;
				VALIDATE_PRODUCT = YES;
			};
			name = Release;
		};
		8EF399412C1F36340027EEBC /* Debug */ = {
			isa = XCBuildConfiguration;
			buildSettings = {
				ASSETCATALOG_COMPILER_APPICON_NAME = AppIcon;
				ASSETCATALOG_COMPILER_GLOBAL_ACCENT_COLOR_NAME = AccentColor;
				CODE_SIGN_STYLE = Automatic;
				CURRENT_PROJECT_VERSION = 1;
				DEVELOPMENT_ASSET_PATHS = "\"CartaoDeVisitasIOS3/Preview Content\"";
				ENABLE_PREVIEWS = YES;
				GENERATE_INFOPLIST_FILE = YES;
				INFOPLIST_KEY_CFBundleDisplayName = "Cartao de Visitas 3";
				INFOPLIST_KEY_UIApplicationSceneManifest_Generation = YES;
				INFOPLIST_KEY_UIApplicationSupportsIndirectInputEvents = YES;
				INFOPLIST_KEY_UILaunchScreen_Generation = YES;
				INFOPLIST_KEY_UILaunchStoryboardName = "Launch Screen.storyboard";
				INFOPLIST_KEY_UISupportedInterfaceOrientations = UIInterfaceOrientationPortrait;
				LD_RUNPATH_SEARCH_PATHS = (
					"$(inherited)",
					"@executable_path/Frameworks",
				);
				MARKETING_VERSION = 1.0;
				PRODUCT_BUNDLE_IDENTIFIER = com.anacarolbs.CartaoDeVisitasIOS3;
				PRODUCT_NAME = "$(TARGET_NAME)";
				SWIFT_EMIT_LOC_STRINGS = YES;
				SWIFT_VERSION = 5.0;
				TARGETED_DEVICE_FAMILY = "1,2";
			};
			name = Debug;
		};
		8EF399422C1F36340027EEBC /* Release */ = {
			isa = XCBuildConfiguration;
			buildSettings = {
				ASSETCATALOG_COMPILER_APPICON_NAME = AppIcon;
				ASSETCATALOG_COMPILER_GLOBAL_ACCENT_COLOR_NAME = AccentColor;
				CODE_SIGN_STYLE = Automatic;
				CURRENT_PROJECT_VERSION = 1;
				DEVELOPMENT_ASSET_PATHS = "\"CartaoDeVisitasIOS3/Preview Content\"";
				ENABLE_PREVIEWS = YES;
				GENERATE_INFOPLIST_FILE = YES;
				INFOPLIST_KEY_CFBundleDisplayName = "Cartao de Visitas 3";
				INFOPLIST_KEY_UIApplicationSceneManifest_Generation = YES;
				INFOPLIST_KEY_UIApplicationSupportsIndirectInputEvents = YES;
				INFOPLIST_KEY_UILaunchScreen_Generation = YES;
				INFOPLIST_KEY_UILaunchStoryboardName = "Launch Screen.storyboard";
				INFOPLIST_KEY_UISupportedInterfaceOrientations = UIInterfaceOrientationPortrait;
				LD_RUNPATH_SEARCH_PATHS = (
					"$(inherited)",
					"@executable_path/Frameworks",
				);
				MARKETING_VERSION = 1.0;
				PRODUCT_BUNDLE_IDENTIFIER = com.anacarolbs.CartaoDeVisitasIOS3;
				PRODUCT_NAME = "$(TARGET_NAME)";
				SWIFT_EMIT_LOC_STRINGS = YES;
				SWIFT_VERSION = 5.0;
				TARGETED_DEVICE_FAMILY = "1,2";
			};
			name = Release;
		};
/* End XCBuildConfiguration section */

/* Begin XCConfigurationList section */
		8EF3992D2C1F36300027EEBC /* Build configuration list for PBXProject "CartaoDeVisitasIOS3" */ = {
			isa = XCConfigurationList;
			buildConfigurations = (
				8EF3993E2C1F36340027EEBC /* Debug */,
				8EF3993F2C1F36340027EEBC /* Release */,
			);
			defaultConfigurationIsVisible = 0;
			defaultConfigurationName = Release;
		};
		8EF399402C1F36340027EEBC /* Build configuration list for PBXNativeTarget "CartaoDeVisitasIOS3" */ = {
			isa = XCConfigurationList;
			buildConfigurations = (
				8EF399412C1F36340027EEBC /* Debug */,
				8EF399422C1F36340027EEBC /* Release */,
			);
			defaultConfigurationIsVisible = 0;
			defaultConfigurationName = Release;
		};
/* End XCConfigurationList section */

/* Begin XCRemoteSwiftPackageReference section */
		8EF399432C1F375D0027EEBC /* XCRemoteSwiftPackageReference "firebase-ios-sdk" */ = {
			isa = XCRemoteSwiftPackageReference;
			repositoryURL = "https://github.com/firebase/firebase-ios-sdk";
			requirement = {
				kind = upToNextMajorVersion;
				minimumVersion = 10.27.0;
			};
		};
/* End XCRemoteSwiftPackageReference section */

/* Begin XCSwiftPackageProductDependency section */
		8EF399442C1F375D0027EEBC /* FirebaseAuth */ = {
			isa = XCSwiftPackageProductDependency;
			package = 8EF399432C1F375D0027EEBC /* XCRemoteSwiftPackageReference "firebase-ios-sdk" */;
			productName = FirebaseAuth;
		};
		8EF399462C1F375D0027EEBC /* FirebaseFirestore */ = {
			isa = XCSwiftPackageProductDependency;
			package = 8EF399432C1F375D0027EEBC /* XCRemoteSwiftPackageReference "firebase-ios-sdk" */;
			productName = FirebaseFirestore;
		};
		8EF399482C1F375D0027EEBC /* FirebaseFirestoreSwift */ = {
			isa = XCSwiftPackageProductDependency;
			package = 8EF399432C1F375D0027EEBC /* XCRemoteSwiftPackageReference "firebase-ios-sdk" */;
			productName = FirebaseFirestoreSwift;
		};
/* End XCSwiftPackageProductDependency section */
	};
	rootObject = 8EF3992A2C1F36300027EEBC /* Project object */;
}
